
Microsoft Visual Studio Solution File, Format Version 12.00
# Visual Studio Version 17
VisualStudioVersion = 17.2.32616.157
MinimumVisualStudioVersion = 10.0.40219.1
Project("{2150E333-8FDC-42A3-9474-1A3956D46DE8}") = "L0 Infrastructure", "L0 Infrastructure", "{3672ED4B-8404-429E-8616-FC53096DBB35}"
EndProject
Project("{2150E333-8FDC-42A3-9474-1A3956D46DE8}") = "L1 Data", "L1 Data", "{459C3C79-DBD9-46E5-A282-D17D7B3E5EAC}"
EndProject
Project("{2150E333-8FDC-42A3-9474-1A3956D46DE8}") = "L2 Domain", "L2 Domain", "{1AFD4E59-540D-4A84-8F62-43F59EE24DB4}"
EndProject
Project("{2150E333-8FDC-42A3-9474-1A3956D46DE8}") = "L3 Application", "L3 Application", "{1F399EEB-CDF3-4F20-991C-BEB6EDACBAA7}"
EndProject
Project("{2150E333-8FDC-42A3-9474-1A3956D46DE8}") = "L4 Presentation", "L4 Presentation", "{ABC4F37C-BBB1-4BBA-A787-E0E2497E8799}"
EndProject
Project("{FAE04EC0-301F-11D3-BF4B-00C04F79EFBC}") = "Az204.DAL", "Az204.DAL\Az204.DAL.csproj", "{282AB972-6195-40BA-A865-E3F3985DCE19}"
EndProject
Project("{FAE04EC0-301F-11D3-BF4B-00C04F79EFBC}") = "Az204.BLL", "Az204.BLL\Az204.BLL.csproj", "{21229FAD-1AF1-4263-8390-BEC827C10078}"
EndProject
Project("{FAE04EC0-301F-11D3-BF4B-00C04F79EFBC}") = "Az204.API", "Az204.API\Az204.API.csproj", "{4D48C13C-B940-4A61-83ED-2FB4D2058541}"
EndProject
Project("{FAE04EC0-301F-11D3-BF4B-00C04F79EFBC}") = "Az204.Domain", "Az204.Domain\Az204.Domain.csproj", "{84304C42-5111-40A7-BCEA-0AD670404F3D}"
EndProject
Project("{FAE04EC0-301F-11D3-BF4B-00C04F79EFBC}") = "Az204.Infrastructure", "Az204.Infrastructure\Az204.Infrastructure.csproj", "{A32E98EA-6B54-4146-8E04-265BB8A72669}"
EndProject
Global
	GlobalSection(SolutionConfigurationPlatforms) = preSolution
		Debug|Any CPU = Debug|Any CPU
		Release|Any CPU = Release|Any CPU
	EndGlobalSection
	GlobalSection(ProjectConfigurationPlatforms) = postSolution
		{282AB972-6195-40BA-A865-E3F3985DCE19}.Debug|Any CPU.ActiveCfg = Debug|Any CPU
		{282AB972-6195-40BA-A865-E3F3985DCE19}.Debug|Any CPU.Build.0 = Debug|Any CPU
		{282AB972-6195-40BA-A865-E3F3985DCE19}.Release|Any CPU.ActiveCfg = Release|Any CPU
		{282AB972-6195-40BA-A865-E3F3985DCE19}.Release|Any CPU.Build.0 = Release|Any CPU
		{21229FAD-1AF1-4263-8390-BEC827C10078}.Debug|Any CPU.ActiveCfg = Debug|Any CPU
		{21229FAD-1AF1-4263-8390-BEC827C10078}.Debug|Any CPU.Build.0 = Debug|Any CPU
		{21229FAD-1AF1-4263-8390-BEC827C10078}.Release|Any CPU.ActiveCfg = Release|Any CPU
		{21229FAD-1AF1-4263-8390-BEC827C10078}.Release|Any CPU.Build.0 = Release|Any CPU
		{4D48C13C-B940-4A61-83ED-2FB4D2058541}.Debug|Any CPU.ActiveCfg = Debug|Any CPU
		{4D48C13C-B940-4A61-83ED-2FB4D2058541}.Debug|Any CPU.Build.0 = Debug|Any CPU
		{4D48C13C-B940-4A61-83ED-2FB4D2058541}.Release|Any CPU.ActiveCfg = Release|Any CPU
		{4D48C13C-B940-4A61-83ED-2FB4D2058541}.Release|Any CPU.Build.0 = Release|Any CPU
		{84304C42-5111-40A7-BCEA-0AD670404F3D}.Debug|Any CPU.ActiveCfg = Debug|Any CPU
		{84304C42-5111-40A7-BCEA-0AD670404F3D}.Debug|Any CPU.Build.0 = Debug|Any CPU
		{84304C42-5111-40A7-BCEA-0AD670404F3D}.Release|Any CPU.ActiveCfg = Release|Any CPU
		{84304C42-5111-40A7-BCEA-0AD670404F3D}.Release|Any CPU.Build.0 = Release|Any CPU
		{A32E98EA-6B54-4146-8E04-265BB8A72669}.Debug|Any CPU.ActiveCfg = Debug|Any CPU
		{A32E98EA-6B54-4146-8E04-265BB8A72669}.Debug|Any CPU.Build.0 = Debug|Any CPU
		{A32E98EA-6B54-4146-8E04-265BB8A72669}.Release|Any CPU.ActiveCfg = Release|Any CPU
		{A32E98EA-6B54-4146-8E04-265BB8A72669}.Release|Any CPU.Build.0 = Release|Any CPU
	EndGlobalSection
	GlobalSection(SolutionProperties) = preSolution
		HideSolutionNode = FALSE
	EndGlobalSection
	GlobalSection(NestedProjects) = preSolution
		{282AB972-6195-40BA-A865-E3F3985DCE19} = {459C3C79-DBD9-46E5-A282-D17D7B3E5EAC}
		{21229FAD-1AF1-4263-8390-BEC827C10078} = {1F399EEB-CDF3-4F20-991C-BEB6EDACBAA7}
		{4D48C13C-B940-4A61-83ED-2FB4D2058541} = {ABC4F37C-BBB1-4BBA-A787-E0E2497E8799}
		{84304C42-5111-40A7-BCEA-0AD670404F3D} = {1AFD4E59-540D-4A84-8F62-43F59EE24DB4}
		{A32E98EA-6B54-4146-8E04-265BB8A72669} = {3672ED4B-8404-429E-8616-FC53096DBB35}
	EndGlobalSection
	GlobalSection(ExtensibilityGlobals) = postSolution
		SolutionGuid = {070C87F7-62E4-468E-ABED-1BAEED85DDA9}
	EndGlobalSection
EndGlobal
